
Microsoft Visual Studio Solution File, Format Version 12.00
# Visual Studio Version 17
VisualStudioVersion = 17.1.32210.238
MinimumVisualStudioVersion = 10.0.40219.1
Project("{FAE04EC0-301F-11D3-BF4B-00C04F79EFBC}") = "WebDevAssignmnet2", "WebDevAssignmnet2\WebDevAssignmnet2.csproj", "{1116CD51-38A1-44F3-B75B-D30E1BED5004}"
EndProject
Global
	GlobalSection(SolutionConfigurationPlatforms) = preSolution
		Debug|Any CPU = Debug|Any CPU
		Release|Any CPU = Release|Any CPU
	EndGlobalSection
	GlobalSection(ProjectConfigurationPlatforms) = postSolution
		{1116CD51-38A1-44F3-B75B-D30E1BED5004}.Debug|Any CPU.ActiveCfg = Debug|Any CPU
		{1116CD51-38A1-44F3-B75B-D30E1BED5004}.Debug|Any CPU.Build.0 = Debug|Any CPU
		{1116CD51-38A1-44F3-B75B-D30E1BED5004}.Release|Any CPU.ActiveCfg = Release|Any CPU
		{1116CD51-38A1-44F3-B75B-D30E1BED5004}.Release|Any CPU.Build.0 = Release|Any CPU
	EndGlobalSection
	GlobalSection(SolutionProperties) = preSolution
		HideSolutionNode = FALSE
	EndGlobalSection
	GlobalSection(ExtensibilityGlobals) = postSolution
		SolutionGuid = {FE0B404B-3E73-4AD5-9A58-57988D4F8D3B}
	EndGlobalSection
EndGlobal
